
Microsoft Visual Studio Solution File, Format Version 12.00
# Visual Studio 2015
Project("{FAE04EC0-301F-11D3-BF4B-00C04F79EFBC}") = "Sound_Game_395.CSharp", "Sound_Game_395.CSharp.csproj", "{80A8E57A-04A1-2DC9-5778-FD9CBC28A466}"
EndProject
Project("{FAE04EC0-301F-11D3-BF4B-00C04F79EFBC}") = "Sound_Game_395.CSharp.Editor", "Sound_Game_395.CSharp.Editor.csproj", "{8BBF9A89-99E3-5FF4-CD75-2800633769E0}"
EndProject
Global
	GlobalSection(SolutionConfigurationPlatforms) = preSolution
		Debug|Any CPU = Debug|Any CPU
		Release|Any CPU = Release|Any CPU
	EndGlobalSection
	GlobalSection(ProjectConfigurationPlatforms) = postSolution
		{80A8E57A-04A1-2DC9-5778-FD9CBC28A466}.Debug|Any CPU.ActiveCfg = Debug|Any CPU
		{80A8E57A-04A1-2DC9-5778-FD9CBC28A466}.Debug|Any CPU.Build.0 = Debug|Any CPU
		{80A8E57A-04A1-2DC9-5778-FD9CBC28A466}.Release|Any CPU.ActiveCfg = Release|Any CPU
		{80A8E57A-04A1-2DC9-5778-FD9CBC28A466}.Release|Any CPU.Build.0 = Release|Any CPU
		{8BBF9A89-99E3-5FF4-CD75-2800633769E0}.Debug|Any CPU.ActiveCfg = Debug|Any CPU
		{8BBF9A89-99E3-5FF4-CD75-2800633769E0}.Debug|Any CPU.Build.0 = Debug|Any CPU
		{8BBF9A89-99E3-5FF4-CD75-2800633769E0}.Release|Any CPU.ActiveCfg = Release|Any CPU
		{8BBF9A89-99E3-5FF4-CD75-2800633769E0}.Release|Any CPU.Build.0 = Release|Any CPU
	EndGlobalSection
	GlobalSection(SolutionProperties) = preSolution
		HideSolutionNode = FALSE
	EndGlobalSection
EndGlobal
