Microsoft Visual Studio Solution File, Format Version 11.00
# Visual Studio 2008

Project("{CFAC3315-B136-98CF-2021-9475C93CBAF2}") = "Sound_Game_395", "Assembly-CSharp.csproj", "{10EAE371-A163-9792-3F52-211E0037F700}"
EndProject
Project("{CFAC3315-B136-98CF-2021-9475C93CBAF2}") = "Sound_Game_395", "Assembly-CSharp-Editor.csproj", "{467A5041-1F6C-6844-DEA0-36A224611945}"
EndProject
Global
	GlobalSection(SolutionConfigurationPlatforms) = preSolution
		Debug|Any CPU = Debug|Any CPU
		Release|Any CPU = Release|Any CPU
	EndGlobalSection
	GlobalSection(ProjectConfigurationPlatforms) = postSolution
		{10EAE371-A163-9792-3F52-211E0037F700}.Debug|Any CPU.ActiveCfg = Debug|Any CPU
		{10EAE371-A163-9792-3F52-211E0037F700}.Debug|Any CPU.Build.0 = Debug|Any CPU
		{10EAE371-A163-9792-3F52-211E0037F700}.Release|Any CPU.ActiveCfg = Release|Any CPU
		{10EAE371-A163-9792-3F52-211E0037F700}.Release|Any CPU.Build.0 = Release|Any CPU
		{467A5041-1F6C-6844-DEA0-36A224611945}.Debug|Any CPU.ActiveCfg = Debug|Any CPU
		{467A5041-1F6C-6844-DEA0-36A224611945}.Debug|Any CPU.Build.0 = Debug|Any CPU
		{467A5041-1F6C-6844-DEA0-36A224611945}.Release|Any CPU.ActiveCfg = Release|Any CPU
		{467A5041-1F6C-6844-DEA0-36A224611945}.Release|Any CPU.Build.0 = Release|Any CPU
	EndGlobalSection
	GlobalSection(SolutionProperties) = preSolution
		HideSolutionNode = FALSE
	EndGlobalSection
	GlobalSection(MonoDevelopProperties) = preSolution
		StartupItem = Assembly-CSharp.csproj
	EndGlobalSection
EndGlobal
